// !$*UTF8*$!
{
	archiveVersion = 1;
	classes = {
	};
	objectVersion = 46;
	objects = {

/* Begin PBXBuildFile section */
		4F724A671E88F02E00D8E742 /* AppDelegate.swift in Sources */ = {isa = PBXBuildFile; fileRef = 4F724A661E88F02E00D8E742 /* AppDelegate.swift */; };
		4F724A691E88F02E00D8E742 /* ViewController.swift in Sources */ = {isa = PBXBuildFile; fileRef = 4F724A681E88F02E00D8E742 /* ViewController.swift */; };
		4F724A6C1E88F02E00D8E742 /* Main.storyboard in Resources */ = {isa = PBXBuildFile; fileRef = 4F724A6A1E88F02E00D8E742 /* Main.storyboard */; };
		4F724A6E1E88F02E00D8E742 /* Assets.xcassets in Resources */ = {isa = PBXBuildFile; fileRef = 4F724A6D1E88F02E00D8E742 /* Assets.xcassets */; };
		4F724A711E88F02E00D8E742 /* LaunchScreen.storyboard in Resources */ = {isa = PBXBuildFile; fileRef = 4F724A6F1E88F02E00D8E742 /* LaunchScreen.storyboard */; };
/* End PBXBuildFile section */

/* Begin PBXFileReference section */
		4F724A631E88F02E00D8E742 /* LoopSwift.app */ = {isa = PBXFileReference; explicitFileType = wrapper.application; includeInIndex = 0; path = LoopSwift.app; sourceTree = BUILT_PRODUCTS_DIR; };
		4F724A661E88F02E00D8E742 /* AppDelegate.swift */ = {isa = PBXFileReference; lastKnownFileType = sourcecode.swift; path = AppDelegate.swift; sourceTree = "<group>"; };
		4F724A681E88F02E00D8E742 /* ViewController.swift */ = {isa = PBXFileReference; lastKnownFileType = sourcecode.swift; path = ViewController.swift; sourceTree = "<group>"; };
		4F724A6B1E88F02E00D8E742 /* Base */ = {isa = PBXFileReference; lastKnownFileType = file.storyboard; name = Base; path = Base.lproj/Main.storyboard; sourceTree = "<group>"; };
		4F724A6D1E88F02E00D8E742 /* Assets.xcassets */ = {isa = PBXFileReference; lastKnownFileType = folder.assetcatalog; path = Assets.xcassets; sourceTree = "<group>"; };
		4F724A701E88F02E00D8E742 /* Base */ = {isa = PBXFileReference; lastKnownFileType = file.storyboard; name = Base; path = Base.lproj/LaunchScreen.storyboard; sourceTree = "<group>"; };
		4F724A721E88F02E00D8E742 /* Info.plist */ = {isa = PBXFileReference; lastKnownFileType = text.plist.xml; path = Info.plist; sourceTree = "<group>"; };
/* End PBXFileReference section */

/* Begin PBXFrameworksBuildPhase section */
		4F724A601E88F02E00D8E742 /* Frameworks */ = {
			isa = PBXFrameworksBuildPhase;
			buildActionMask = 2147483647;
			files = (
			);
			runOnlyForDeploymentPostprocessing = 0;
		};
/* End PBXFrameworksBuildPhase section */

/* Begin PBXGroup section */
		4F724A5A1E88F02E00D8E742 = {
			isa = PBXGroup;
			children = (
				4F724A651E88F02E00D8E742 /* LoopSwift */,
				4F724A641E88F02E00D8E742 /* Products */,
			);
			sourceTree = "<group>";
		};
		4F724A641E88F02E00D8E742 /* Products */ = {
			isa = PBXGroup;
			children = (
				4F724A631E88F02E00D8E742 /* LoopSwift.app */,
			);
			name = Products;
			sourceTree = "<group>";
		};
		4F724A651E88F02E00D8E742 /* LoopSwift */ = {
			isa = PBXGroup;
			children = (
				4F724A661E88F02E00D8E742 /* AppDelegate.swift */,
				4F724A681E88F02E00D8E742 /* ViewController.swift */,
				4F724A6A1E88F02E00D8E742 /* Main.storyboard */,
				4F724A6D1E88F02E00D8E742 /* Assets.xcassets */,
				4F724A6F1E88F02E00D8E742 /* LaunchScreen.storyboard */,
				4F724A721E88F02E00D8E742 /* Info.plist */,
			);
			path = LoopSwift;
			sourceTree = "<group>";
		};
/* End PBXGroup section */

/* Begin PBXNativeTarget section */
		4F724A621E88F02E00D8E742 /* LoopSwift */ = {
			isa = PBXNativeTarget;
			buildConfigurationList = 4F724A751E88F02E00D8E742 /* Build configuration list for PBXNativeTarget "LoopSwift" */;
			buildPhases = (
				4F724A5F1E88F02E00D8E742 /* Sources */,
				4F724A601E88F02E00D8E742 /* Frameworks */,
				4F724A611E88F02E00D8E742 /* Resources */,
			);
			buildRules = (
			);
			dependencies = (
			);
			name = LoopSwift;
			productName = LoopSwift;
			productReference = 4F724A631E88F02E00D8E742 /* LoopSwift.app */;
			productType = "com.apple.product-type.application";
		};
/* End PBXNativeTarget section */

/* Begin PBXProject section */
		4F724A5B1E88F02E00D8E742 /* Project object */ = {
			isa = PBXProject;
			attributes = {
				LastSwiftUpdateCheck = 0820;
				LastUpgradeCheck = 0820;
				ORGANIZATIONNAME = "nguyen van nhuong";
				TargetAttributes = {
					4F724A621E88F02E00D8E742 = {
						CreatedOnToolsVersion = 8.2.1;
						ProvisioningStyle = Automatic;
					};
				};
			};
			buildConfigurationList = 4F724A5E1E88F02E00D8E742 /* Build configuration list for PBXProject "LoopSwift" */;
			compatibilityVersion = "Xcode 3.2";
			developmentRegion = English;
			hasScannedForEncodings = 0;
			knownRegions = (
				en,
				Base,
			);
			mainGroup = 4F724A5A1E88F02E00D8E742;
			productRefGroup = 4F724A641E88F02E00D8E742 /* Products */;
			projectDirPath = "";
			projectRoot = "";
			targets = (
				4F724A621E88F02E00D8E742 /* LoopSwift */,
			);
		};
/* End PBXProject section */

/* Begin PBXResourcesBuildPhase section */
		4F724A611E88F02E00D8E742 /* Resources */ = {
			isa = PBXResourcesBuildPhase;
			buildActionMask = 2147483647;
			files = (
				4F724A711E88F02E00D8E742 /* LaunchScreen.storyboard in Resources */,
				4F724A6E1E88F02E00D8E742 /* Assets.xcassets in Resources */,
				4F724A6C1E88F02E00D8E742 /* Main.storyboard in Resources */,
			);
			runOnlyForDeploymentPostprocessing = 0;
		};
/* End PBXResourcesBuildPhase section */

/* Begin PBXSourcesBuildPhase section */
		4F724A5F1E88F02E00D8E742 /* Sources */ = {
			isa = PBXSourcesBuildPhase;
			buildActionMask = 2147483647;
			files = (
				4F724A691E88F02E00D8E742 /* ViewController.swift in Sources */,
				4F724A671E88F02E00D8E742 /* AppDelegate.swift in Sources */,
			);
			runOnlyForDeploymentPostprocessing = 0;
		};
/* End PBXSourcesBuildPhase section */

/* Begin PBXVariantGroup section */
		4F724A6A1E88F02E00D8E742 /* Main.storyboard */ = {
			isa = PBXVariantGroup;
			children = (
				4F724A6B1E88F02E00D8E742 /* Base */,
			);
			name = Main.storyboard;
			sourceTree = "<group>";
		};
		4F724A6F1E88F02E00D8E742 /* LaunchScreen.storyboard */ = {
			isa = PBXVariantGroup;
			children = (
				4F724A701E88F02E00D8E742 /* Base */,
			);
			name = LaunchScreen.storyboard;
			sourceTree = "<group>";
		};
/* End PBXVariantGroup section */

/* Begin XCBuildConfiguration section */
		4F724A731E88F02E00D8E742 /* Debug */ = {
			isa = XCBuildConfiguration;
			buildSettings = {
				ALWAYS_SEARCH_USER_PATHS = NO;
				CLANG_ANALYZER_NONNULL = YES;
				CLANG_CXX_LANGUAGE_STANDARD = "gnu++0x";
				CLANG_CXX_LIBRARY = "libc++";
				CLANG_ENABLE_MODULES = YES;
				CLANG_ENABLE_OBJC_ARC = YES;
				CLANG_WARN_BOOL_CONVERSION = YES;
				CLANG_WARN_CONSTANT_CONVERSION = YES;
				CLANG_WARN_DIRECT_OBJC_ISA_USAGE = YES_ERROR;
				CLANG_WARN_DOCUMENTATION_COMMENTS = YES;
				CLANG_WARN_EMPTY_BODY = YES;
				CLANG_WARN_ENUM_CONVERSION = YES;
				CLANG_WARN_INFINITE_RECURSION = YES;
				CLANG_WARN_INT_CONVERSION = YES;
				CLANG_WARN_OBJC_ROOT_CLASS = YES_ERROR;
				CLANG_WARN_SUSPICIOUS_MOVE = YES;
				CLANG_WARN_UNREACHABLE_CODE = YES;
				CLANG_WARN__DUPLICATE_METHOD_MATCH = YES;
				"CODE_SIGN_IDENTITY[sdk=iphoneos*]" = "iPhone Developer";
				COPY_PHASE_STRIP = NO;
				DEBUG_INFORMATION_FORMAT = dwarf;
				ENABLE_STRICT_OBJC_MSGSEND = YES;
				ENABLE_TESTABILITY = YES;
				GCC_C_LANGUAGE_STANDARD = gnu99;
				GCC_DYNAMIC_NO_PIC = NO;
				GCC_NO_COMMON_BLOCKS = YES;
				GCC_OPTIMIZATION_LEVEL = 0;
				GCC_PREPROCESSOR_DEFINITIONS = (
					"DEBUG=1",
					"$(inherited)",
				);
				GCC_WARN_64_TO_32_BIT_CONVERSION = YES;
				GCC_WARN_ABOUT_RETURN_TYPE = YES_ERROR;
				GCC_WARN_UNDECLARED_SELECTOR = YES;
				GCC_WARN_UNINITIALIZED_AUTOS = YES_AGGRESSIVE;
				GCC_WARN_UNUSED_FUNCTION = YES;
				GCC_WARN_UNUSED_VARIABLE = YES;
				IPHONEOS_DEPLOYMENT_TARGET = 10.2;
				MTL_ENABLE_DEBUG_INFO = YES;
				ONLY_ACTIVE_ARCH = YES;
				SDKROOT = iphoneos;
				SWIFT_ACTIVE_COMPILATION_CONDITIONS = DEBUG;
				SWIFT_OPTIMIZATION_LEVEL = "-Onone";
				TARGETED_DEVICE_FAMILY = "1,2";
			};
			name = Debug;
		};
		4F724A741E88F02E00D8E742 /* Release */ = {
			isa = XCBuildConfiguration;
			buildSettings = {
				ALWAYS_SEARCH_USER_PATHS = NO;
				CLANG_ANALYZER_NONNULL = YES;
				CLANG_CXX_LANGUAGE_STANDARD = "gnu++0x";
				CLANG_CXX_LIBRARY = "libc++";
				CLANG_ENABLE_MODULES = YES;
				CLANG_ENABLE_OBJC_ARC = YES;
				CLANG_WARN_BOOL_CONVERSION = YES;
				CLANG_WARN_CONSTANT_CONVERSION = YES;
				CLANG_WARN_DIRECT_OBJC_ISA_USAGE = YES_ERROR;
				CLANG_WARN_DOCUMENTATION_COMMENTS = YES;
				CLANG_WARN_EMPTY_BODY = YES;
				CLANG_WARN_ENUM_CONVERSION = YES;
				CLANG_WARN_INFINITE_RECURSION = YES;
				CLANG_WARN_INT_CONVERSION = YES;
				CLANG_WARN_OBJC_ROOT_CLASS = YES_ERROR;
				CLANG_WARN_SUSPICIOUS_MOVE = YES;
				CLANG_WARN_UNREACHABLE_CODE = YES;
				CLANG_WARN__DUPLICATE_METHOD_MATCH = YES;
				"CODE_SIGN_IDENTITY[sdk=iphoneos*]" = "iPhone Developer";
				COPY_PHASE_STRIP = NO;
				DEBUG_INFORMATION_FORMAT = "dwarf-with-dsym";
				ENABLE_NS_ASSERTIONS = NO;
				ENABLE_STRICT_OBJC_MSGSEND = YES;
				GCC_C_LANGUAGE_STANDARD = gnu99;
				GCC_NO_COMMON_BLOCKS = YES;
				GCC_WARN_64_TO_32_BIT_CONVERSION = YES;
				GCC_WARN_ABOUT_RETURN_TYPE = YES_ERROR;
				GCC_WARN_UNDECLARED_SELECTOR = YES;
				GCC_WARN_UNINITIALIZED_AUTOS = YES_AGGRESSIVE;
				GCC_WARN_UNUSED_FUNCTION = YES;
				GCC_WARN_UNUSED_VARIABLE = YES;
				IPHONEOS_DEPLOYMENT_TARGET = 10.2;
				MTL_ENABLE_DEBUG_INFO = NO;
				SDKROOT = iphoneos;
				SWIFT_OPTIMIZATION_LEVEL = "-Owholemodule";
				TARGETED_DEVICE_FAMILY = "1,2";
				VALIDATE_PRODUCT = YES;
			};
			name = Release;
		};
		4F724A761E88F02E00D8E742 /* Debug */ = {
			isa = XCBuildConfiguration;
			buildSettings = {
				ASSETCATALOG_COMPILER_APPICON_NAME = AppIcon;
				INFOPLIST_FILE = LoopSwift/Info.plist;
				LD_RUNPATH_SEARCH_PATHS = "$(inherited) @executable_path/Frameworks";
				PRODUCT_BUNDLE_IDENTIFIER = admin.LoopSwift;
				PRODUCT_NAME = "$(TARGET_NAME)";
				SWIFT_VERSION = 3.0;
			};
			name = Debug;
		};
		4F724A771E88F02E00D8E742 /* Release */ = {
			isa = XCBuildConfiguration;
			buildSettings = {
				ASSETCATALOG_COMPILER_APPICON_NAME = AppIcon;
				INFOPLIST_FILE = LoopSwift/Info.plist;
				LD_RUNPATH_SEARCH_PATHS = "$(inherited) @executable_path/Frameworks";
				PRODUCT_BUNDLE_IDENTIFIER = admin.LoopSwift;
				PRODUCT_NAME = "$(TARGET_NAME)";
				SWIFT_VERSION = 3.0;
			};
			name = Release;
		};
/* End XCBuildConfiguration section */

/* Begin XCConfigurationList section */
		4F724A5E1E88F02E00D8E742 /* Build configuration list for PBXProject "LoopSwift" */ = {
			isa = XCConfigurationList;
			buildConfigurations = (
				4F724A731E88F02E00D8E742 /* Debug */,
				4F724A741E88F02E00D8E742 /* Release */,
			);
			defaultConfigurationIsVisible = 0;
			defaultConfigurationName = Release;
		};
		4F724A751E88F02E00D8E742 /* Build configuration list for PBXNativeTarget "LoopSwift" */ = {
			isa = XCConfigurationList;
			buildConfigurations = (
				4F724A761E88F02E00D8E742 /* Debug */,
				4F724A771E88F02E00D8E742 /* Release */,
			);
			defaultConfigurationIsVisible = 0;
		};
/* End XCConfigurationList section */
	};
	rootObject = 4F724A5B1E88F02E00D8E742 /* Project object */;
}
